{
  "name": "bun-url-shortener",
  "lockfileVersion": 2,
  "requires": true,
  "packages": {
    "": {
      "name": "bun-url-shortener",
      "dependencies": {
        "@prisma/client": "^5.10.2",
        "elysia": "^0.8.17",
        "mysql2": "^3.9.2",
        "prisma": "^5.10.2",
        "sequelize": "^6.37.1"
      },
      "devDependencies": {
        "bun-types": "latest"
      },
      "peerDependencies": {
        "typescript": "^5.0.0"
      }
    },
    "node_modules/@prisma/client": {
      "version": "5.10.2",
      "resolved": "https://registry.npmjs.org/@prisma/client/-/client-5.10.2.tgz",
      "integrity": "sha512-ef49hzB2yJZCvM5gFHMxSFL9KYrIP9udpT5rYo0CsHD4P9IKj473MbhU1gjKKftiwWBTIyrt9jukprzZXazyag==",
      "hasInstallScript": true,
      "engines": {
        "node": ">=16.13"
      },
      "peerDependencies": {
        "prisma": "*"
      },
      "peerDependenciesMeta": {
        "prisma": {
          "optional": true
        }
      }
    },
    "node_modules/@prisma/debug": {
      "version": "5.10.2",
      "license": "Apache-2.0"
    },
    "node_modules/@prisma/engines": {
      "version": "5.10.2",
      "hasInstallScript": true,
      "license": "Apache-2.0",
      "dependencies": {
        "@prisma/debug": "5.10.2",
        "@prisma/engines-version": "5.10.0-34.5a9203d0590c951969e85a7d07215503f4672eb9",
        "@prisma/fetch-engine": "5.10.2",
        "@prisma/get-platform": "5.10.2"
      }
    },
    "node_modules/@prisma/engines-version": {
      "version": "5.10.0-34.5a9203d0590c951969e85a7d07215503f4672eb9",
      "license": "Apache-2.0"
    },
    "node_modules/@prisma/fetch-engine": {
      "version": "5.10.2",
      "license": "Apache-2.0",
      "dependencies": {
        "@prisma/debug": "5.10.2",
        "@prisma/engines-version": "5.10.0-34.5a9203d0590c951969e85a7d07215503f4672eb9",
        "@prisma/get-platform": "5.10.2"
      }
    },
    "node_modules/@prisma/get-platform": {
      "version": "5.10.2",
      "license": "Apache-2.0",
      "dependencies": {
        "@prisma/debug": "5.10.2"
      }
    },
    "node_modules/@sinclair/typebox": {
      "version": "0.32.15",
      "license": "MIT"
    },
    "node_modules/@types/debug": {
      "version": "4.1.12",
      "license": "MIT",
      "dependencies": {
        "@types/ms": "*"
      }
    },
    "node_modules/@types/ms": {
      "version": "0.7.34",
      "license": "MIT"
    },
    "node_modules/@types/node": {
      "version": "20.11.16",
      "dev": true,
      "license": "MIT",
      "dependencies": {
        "undici-types": "~5.26.4"
      }
    },
    "node_modules/@types/node/node_modules/undici-types": {
      "version": "5.26.5",
      "dev": true,
      "license": "MIT"
    },
    "node_modules/@types/validator": {
      "version": "13.11.9",
      "license": "MIT"
    },
    "node_modules/@types/ws": {
      "version": "8.5.10",
      "dev": true,
      "license": "MIT",
      "dependencies": {
        "@types/node": "*"
      }
    },
    "node_modules/bun-types": {
      "version": "1.0.30",
      "resolved": "https://registry.npmjs.org/bun-types/-/bun-types-1.0.30.tgz",
      "integrity": "sha512-z3366LC0kdSpBCNFvc38+NOSiwQaokKfi66fBr+jw+yd9lrYtaoLs4ERCuq3iW/g9h6xKielQRgvE01PN/uUog==",
      "dev": true,
      "dependencies": {
        "@types/node": "~20.11.3",
        "@types/ws": "~8.5.10"
      }
    },
    "node_modules/cookie": {
      "version": "0.6.0",
      "license": "MIT",
      "engines": {
        "node": ">= 0.6"
      }
    },
    "node_modules/debug": {
      "version": "4.3.4",
      "license": "MIT",
      "dependencies": {
        "ms": "2.1.2"
      },
      "engines": {
        "node": ">=6.0"
      },
      "peerDependenciesMeta": {
        "supports-color": {
          "optional": true
        }
      }
    },
    "node_modules/denque": {
      "version": "2.1.0",
      "license": "Apache-2.0",
      "engines": {
        "node": ">=0.10"
      }
    },
    "node_modules/dottie": {
      "version": "2.0.6",
      "license": "MIT"
    },
    "node_modules/elysia": {
      "version": "0.8.17",
      "license": "MIT",
      "dependencies": {
        "@sinclair/typebox": "^0.32.0",
        "cookie": "^0.6.0",
        "eventemitter3": "^5.0.1",
        "fast-decode-uri-component": "^1.0.1",
        "fast-querystring": "^1.1.2",
        "memoirist": "0.1.10",
        "openapi-types": "^12.1.3"
      },
      "peerDependencies": {
        "@sinclair/typebox": ">= 0.31.0",
        "openapi-types": ">= 12.0.0",
        "typescript": ">= 5.0.0"
      },
      "peerDependenciesMeta": {
        "@sinclair/typebox": {
          "optional": true
        },
        "openapi-types": {
          "optional": true
        },
        "typescript": {
          "optional": true
        }
      }
    },
    "node_modules/eventemitter3": {
      "version": "5.0.1",
      "license": "MIT"
    },
    "node_modules/fast-decode-uri-component": {
      "version": "1.0.1",
      "license": "MIT"
    },
    "node_modules/fast-querystring": {
      "version": "1.1.2",
      "license": "MIT",
      "dependencies": {
        "fast-decode-uri-component": "^1.0.1"
      }
    },
    "node_modules/generate-function": {
      "version": "2.3.1",
      "license": "MIT",
      "dependencies": {
        "is-property": "^1.0.2"
      }
    },
    "node_modules/iconv-lite": {
      "version": "0.6.3",
      "license": "MIT",
      "dependencies": {
        "safer-buffer": ">= 2.1.2 < 3.0.0"
      },
      "engines": {
        "node": ">=0.10.0"
      }
    },
    "node_modules/inflection": {
      "version": "1.13.4",
      "engines": [
        "node >= 0.4.0"
      ],
      "license": "MIT"
    },
    "node_modules/is-property": {
      "version": "1.0.2",
      "license": "MIT"
    },
    "node_modules/lodash": {
      "version": "4.17.21",
      "license": "MIT"
    },
    "node_modules/long": {
      "version": "5.2.3",
      "license": "Apache-2.0"
    },
    "node_modules/lru-cache": {
      "version": "8.0.5",
      "license": "ISC",
      "engines": {
        "node": ">=16.14"
      }
    },
    "node_modules/memoirist": {
      "version": "0.1.10",
      "license": "MIT"
    },
    "node_modules/moment": {
      "version": "2.30.1",
      "license": "MIT",
      "engines": {
        "node": "*"
      }
    },
    "node_modules/moment-timezone": {
      "version": "0.5.45",
      "license": "MIT",
      "dependencies": {
        "moment": "^2.29.4"
      },
      "engines": {
        "node": "*"
      }
    },
    "node_modules/ms": {
      "version": "2.1.2",
      "license": "MIT"
    },
    "node_modules/mysql2": {
      "version": "3.9.2",
      "license": "MIT",
      "dependencies": {
        "denque": "^2.1.0",
        "generate-function": "^2.3.1",
        "iconv-lite": "^0.6.3",
        "long": "^5.2.1",
        "lru-cache": "^8.0.0",
        "named-placeholders": "^1.1.3",
        "seq-queue": "^0.0.5",
        "sqlstring": "^2.3.2"
      },
      "engines": {
        "node": ">= 8.0"
      }
    },
    "node_modules/named-placeholders": {
      "version": "1.1.3",
      "license": "MIT",
      "dependencies": {
        "lru-cache": "^7.14.1"
      },
      "engines": {
        "node": ">=12.0.0"
      }
    },
    "node_modules/named-placeholders/node_modules/lru-cache": {
      "version": "7.18.3",
      "license": "ISC",
      "engines": {
        "node": ">=12"
      }
    },
    "node_modules/openapi-types": {
      "version": "12.1.3",
      "license": "MIT"
    },
    "node_modules/pg-connection-string": {
      "version": "2.6.2",
      "license": "MIT"
    },
    "node_modules/prisma": {
      "version": "5.10.2",
      "hasInstallScript": true,
      "license": "Apache-2.0",
      "dependencies": {
        "@prisma/engines": "5.10.2"
      },
      "bin": {
        "prisma": "build/index.js"
      },
      "engines": {
        "node": ">=16.13"
      }
    },
    "node_modules/retry-as-promised": {
      "version": "7.0.4",
      "license": "MIT"
    },
    "node_modules/safer-buffer": {
      "version": "2.1.2",
      "license": "MIT"
    },
    "node_modules/semver": {
      "version": "7.6.0",
      "license": "ISC",
      "dependencies": {
        "lru-cache": "^6.0.0"
      },
      "bin": {
        "semver": "bin/semver.js"
      },
      "engines": {
        "node": ">=10"
      }
    },
    "node_modules/semver/node_modules/lru-cache": {
      "version": "6.0.0",
      "license": "ISC",
      "dependencies": {
        "yallist": "^4.0.0"
      },
      "engines": {
        "node": ">=10"
      }
    },
    "node_modules/seq-queue": {
      "version": "0.0.5"
    },
    "node_modules/sequelize": {
      "version": "6.37.1",
      "funding": [
        {
          "type": "opencollective",
          "url": "https://opencollective.com/sequelize"
        }
      ],
      "license": "MIT",
      "dependencies": {
        "@types/debug": "^4.1.8",
        "@types/validator": "^13.7.17",
        "debug": "^4.3.4",
        "dottie": "^2.0.6",
        "inflection": "^1.13.4",
        "lodash": "^4.17.21",
        "moment": "^2.29.4",
        "moment-timezone": "^0.5.43",
        "pg-connection-string": "^2.6.1",
        "retry-as-promised": "^7.0.4",
        "semver": "^7.5.4",
        "sequelize-pool": "^7.1.0",
        "toposort-class": "^1.0.1",
        "uuid": "^8.3.2",
        "validator": "^13.9.0",
        "wkx": "^0.5.0"
      },
      "engines": {
        "node": ">=10.0.0"
      },
      "peerDependenciesMeta": {
        "ibm_db": {
          "optional": true
        },
        "mariadb": {
          "optional": true
        },
        "mysql2": {
          "optional": true
        },
        "oracledb": {
          "optional": true
        },
        "pg": {
          "optional": true
        },
        "pg-hstore": {
          "optional": true
        },
        "snowflake-sdk": {
          "optional": true
        },
        "sqlite3": {
          "optional": true
        },
        "tedious": {
          "optional": true
        }
      }
    },
    "node_modules/sequelize-pool": {
      "version": "7.1.0",
      "license": "MIT",
      "engines": {
        "node": ">= 10.0.0"
      }
    },
    "node_modules/sqlstring": {
      "version": "2.3.3",
      "license": "MIT",
      "engines": {
        "node": ">= 0.6"
      }
    },
    "node_modules/toposort-class": {
      "version": "1.0.1",
      "license": "MIT"
    },
    "node_modules/typescript": {
      "version": "5.3.3",
      "resolved": "https://registry.npmjs.org/typescript/-/typescript-5.3.3.tgz",
      "integrity": "sha512-pXWcraxM0uxAS+tN0AG/BF2TyqmHO014Z070UsJ+pFvYuRSq8KH8DmWpnbXe0pEPDHXZV3FcAbJkijJ5oNEnWw==",
      "peer": true,
      "bin": {
        "tsc": "bin/tsc",
        "tsserver": "bin/tsserver"
      },
      "engines": {
        "node": ">=14.17"
      }
    },
    "node_modules/uuid": {
      "version": "8.3.2",
      "license": "MIT",
      "bin": {
        "uuid": "dist/bin/uuid"
      }
    },
    "node_modules/validator": {
      "version": "13.11.0",
      "license": "MIT",
      "engines": {
        "node": ">= 0.10"
      }
    },
    "node_modules/wkx": {
      "version": "0.5.0",
      "license": "MIT",
      "dependencies": {
        "@types/node": "*"
      }
    },
    "node_modules/wkx/node_modules/@types/node": {
      "version": "20.11.24",
      "license": "MIT",
      "dependencies": {
        "undici-types": "~5.26.4"
      }
    },
    "node_modules/wkx/node_modules/@types/node/node_modules/undici-types": {
      "version": "5.26.5",
      "license": "MIT"
    },
    "node_modules/yallist": {
      "version": "4.0.0",
      "license": "ISC"
    }
  },
  "dependencies": {
    "@prisma/client": {
      "version": "5.10.2",
      "resolved": "https://registry.npmjs.org/@prisma/client/-/client-5.10.2.tgz",
      "integrity": "sha512-ef49hzB2yJZCvM5gFHMxSFL9KYrIP9udpT5rYo0CsHD4P9IKj473MbhU1gjKKftiwWBTIyrt9jukprzZXazyag==",
      "requires": {}
    },
    "@prisma/debug": {
      "version": "5.10.2"
    },
    "@prisma/engines": {
      "version": "5.10.2",
      "requires": {
        "@prisma/debug": "5.10.2",
        "@prisma/engines-version": "5.10.0-34.5a9203d0590c951969e85a7d07215503f4672eb9",
        "@prisma/fetch-engine": "5.10.2",
        "@prisma/get-platform": "5.10.2"
      }
    },
    "@prisma/engines-version": {
      "version": "5.10.0-34.5a9203d0590c951969e85a7d07215503f4672eb9"
    },
    "@prisma/fetch-engine": {
      "version": "5.10.2",
      "requires": {
        "@prisma/debug": "5.10.2",
        "@prisma/engines-version": "5.10.0-34.5a9203d0590c951969e85a7d07215503f4672eb9",
        "@prisma/get-platform": "5.10.2"
      }
    },
    "@prisma/get-platform": {
      "version": "5.10.2",
      "requires": {
        "@prisma/debug": "5.10.2"
      }
    },
    "@sinclair/typebox": {
      "version": "0.32.15"
    },
    "@types/debug": {
      "version": "4.1.12",
      "requires": {
        "@types/ms": "*"
      }
    },
    "@types/ms": {
      "version": "0.7.34"
    },
    "@types/node": {
      "version": "20.11.16",
      "dev": true,
      "requires": {
        "undici-types": "~5.26.4"
      },
      "dependencies": {
        "undici-types": {
          "version": "5.26.5",
          "dev": true
        }
      }
    },
    "@types/validator": {
      "version": "13.11.9"
    },
    "@types/ws": {
      "version": "8.5.10",
      "dev": true,
      "requires": {
        "@types/node": "*"
      }
    },
    "bun-types": {
      "version": "1.0.30",
      "resolved": "https://registry.npmjs.org/bun-types/-/bun-types-1.0.30.tgz",
      "integrity": "sha512-z3366LC0kdSpBCNFvc38+NOSiwQaokKfi66fBr+jw+yd9lrYtaoLs4ERCuq3iW/g9h6xKielQRgvE01PN/uUog==",
      "dev": true,
      "requires": {
        "@types/node": "~20.11.3",
        "@types/ws": "~8.5.10"
      }
    },
    "cookie": {
      "version": "0.6.0"
    },
    "debug": {
      "version": "4.3.4",
      "requires": {
        "ms": "2.1.2"
      }
    },
    "denque": {
      "version": "2.1.0"
    },
    "dottie": {
      "version": "2.0.6"
    },
    "elysia": {
      "version": "0.8.17",
      "requires": {
        "@sinclair/typebox": "^0.32.0",
        "cookie": "^0.6.0",
        "eventemitter3": "^5.0.1",
        "fast-decode-uri-component": "^1.0.1",
        "fast-querystring": "^1.1.2",
        "memoirist": "0.1.10",
        "openapi-types": "^12.1.3"
      }
    },
    "eventemitter3": {
      "version": "5.0.1"
    },
    "fast-decode-uri-component": {
      "version": "1.0.1"
    },
    "fast-querystring": {
      "version": "1.1.2",
      "requires": {
        "fast-decode-uri-component": "^1.0.1"
      }
    },
    "generate-function": {
      "version": "2.3.1",
      "requires": {
        "is-property": "^1.0.2"
      }
    },
    "iconv-lite": {
      "version": "0.6.3",
      "requires": {
        "safer-buffer": ">= 2.1.2 < 3.0.0"
      }
    },
    "inflection": {
      "version": "1.13.4"
    },
    "is-property": {
      "version": "1.0.2"
    },
    "lodash": {
      "version": "4.17.21"
    },
    "long": {
      "version": "5.2.3"
    },
    "lru-cache": {
      "version": "8.0.5"
    },
    "memoirist": {
      "version": "0.1.10"
    },
    "moment": {
      "version": "2.30.1"
    },
    "moment-timezone": {
      "version": "0.5.45",
      "requires": {
        "moment": "^2.29.4"
      }
    },
    "ms": {
      "version": "2.1.2"
    },
    "mysql2": {
      "version": "3.9.2",
      "requires": {
        "denque": "^2.1.0",
        "generate-function": "^2.3.1",
        "iconv-lite": "^0.6.3",
        "long": "^5.2.1",
        "lru-cache": "^8.0.0",
        "named-placeholders": "^1.1.3",
        "seq-queue": "^0.0.5",
        "sqlstring": "^2.3.2"
      }
    },
    "named-placeholders": {
      "version": "1.1.3",
      "requires": {
        "lru-cache": "^7.14.1"
      },
      "dependencies": {
        "lru-cache": {
          "version": "7.18.3"
        }
      }
    },
    "openapi-types": {
      "version": "12.1.3"
    },
    "pg-connection-string": {
      "version": "2.6.2"
    },
    "prisma": {
      "version": "5.10.2",
      "requires": {
        "@prisma/engines": "5.10.2"
      }
    },
    "retry-as-promised": {
      "version": "7.0.4"
    },
    "safer-buffer": {
      "version": "2.1.2"
    },
    "semver": {
      "version": "7.6.0",
      "requires": {
        "lru-cache": "^6.0.0"
      },
      "dependencies": {
        "lru-cache": {
          "version": "6.0.0",
          "requires": {
            "yallist": "^4.0.0"
          }
        }
      }
    },
    "seq-queue": {
      "version": "0.0.5"
    },
    "sequelize": {
      "version": "6.37.1",
      "requires": {
        "@types/debug": "^4.1.8",
        "@types/validator": "^13.7.17",
        "debug": "^4.3.4",
        "dottie": "^2.0.6",
        "inflection": "^1.13.4",
        "lodash": "^4.17.21",
        "moment": "^2.29.4",
        "moment-timezone": "^0.5.43",
        "pg-connection-string": "^2.6.1",
        "retry-as-promised": "^7.0.4",
        "semver": "^7.5.4",
        "sequelize-pool": "^7.1.0",
        "toposort-class": "^1.0.1",
        "uuid": "^8.3.2",
        "validator": "^13.9.0",
        "wkx": "^0.5.0"
      }
    },
    "sequelize-pool": {
      "version": "7.1.0"
    },
    "sqlstring": {
      "version": "2.3.3"
    },
    "toposort-class": {
      "version": "1.0.1"
    },
    "typescript": {
      "version": "5.3.3",
      "resolved": "https://registry.npmjs.org/typescript/-/typescript-5.3.3.tgz",
      "integrity": "sha512-pXWcraxM0uxAS+tN0AG/BF2TyqmHO014Z070UsJ+pFvYuRSq8KH8DmWpnbXe0pEPDHXZV3FcAbJkijJ5oNEnWw==",
      "peer": true
    },
    "uuid": {
      "version": "8.3.2"
    },
    "validator": {
      "version": "13.11.0"
    },
    "wkx": {
      "version": "0.5.0",
      "requires": {
        "@types/node": "*"
      },
      "dependencies": {
        "@types/node": {
          "version": "20.11.24",
          "requires": {
            "undici-types": "~5.26.4"
          },
          "dependencies": {
            "undici-types": {
              "version": "5.26.5"
            }
          }
        }
      }
    },
    "yallist": {
      "version": "4.0.0"
    }
  }
}
